
Microsoft Visual Studio Solution File, Format Version 12.00
# Visual Studio 15
VisualStudioVersion = 15.0.27130.2010
MinimumVisualStudioVersion = 10.0.40219.1
Project("{FAE04EC0-301F-11D3-BF4B-00C04F79EFBC}") = "StudentApplication", "StudentApplication\StudentApplication.csproj", "{991A63C8-A257-4379-A220-A57A5902F1EB}"
	ProjectSection(ProjectDependencies) = postProject
		{14FCED5A-33E6-4A16-A93A-CF67E4AD1091} = {14FCED5A-33E6-4A16-A93A-CF67E4AD1091}
	EndProjectSection
EndProject
Project("{FAE04EC0-301F-11D3-BF4B-00C04F79EFBC}") = "StudentDataService", "StudentDataService\StudentDataService.csproj", "{14FCED5A-33E6-4A16-A93A-CF67E4AD1091}"
EndProject
Global
	GlobalSection(SolutionConfigurationPlatforms) = preSolution
		Debug|Any CPU = Debug|Any CPU
		Release|Any CPU = Release|Any CPU
	EndGlobalSection
	GlobalSection(ProjectConfigurationPlatforms) = postSolution
		{991A63C8-A257-4379-A220-A57A5902F1EB}.Debug|Any CPU.ActiveCfg = Debug|Any CPU
		{991A63C8-A257-4379-A220-A57A5902F1EB}.Debug|Any CPU.Build.0 = Debug|Any CPU
		{991A63C8-A257-4379-A220-A57A5902F1EB}.Release|Any CPU.ActiveCfg = Release|Any CPU
		{991A63C8-A257-4379-A220-A57A5902F1EB}.Release|Any CPU.Build.0 = Release|Any CPU
		{14FCED5A-33E6-4A16-A93A-CF67E4AD1091}.Debug|Any CPU.ActiveCfg = Debug|Any CPU
		{14FCED5A-33E6-4A16-A93A-CF67E4AD1091}.Debug|Any CPU.Build.0 = Debug|Any CPU
		{14FCED5A-33E6-4A16-A93A-CF67E4AD1091}.Release|Any CPU.ActiveCfg = Release|Any CPU
		{14FCED5A-33E6-4A16-A93A-CF67E4AD1091}.Release|Any CPU.Build.0 = Release|Any CPU
	EndGlobalSection
	GlobalSection(SolutionProperties) = preSolution
		HideSolutionNode = FALSE
	EndGlobalSection
	GlobalSection(ExtensibilityGlobals) = postSolution
		SolutionGuid = {00802FFF-CBCC-4BC0-B457-8413754A4798}
	EndGlobalSection
EndGlobal
